
Microsoft Visual Studio Solution File, Format Version 12.00
# Visual Studio Version 16
VisualStudioVersion = 16.0.29009.5
MinimumVisualStudioVersion = 10.0.40219.1
Project("{FAE04EC0-301F-11D3-BF4B-00C04F79EFBC}") = "ConsultaCep.UWP", "ConsultaCep\ConsultaCep.UWP\ConsultaCep.UWP.csproj", "{8E674CF8-2A5C-44C1-A14D-E161C22C55AE}"
EndProject
Project("{FAE04EC0-301F-11D3-BF4B-00C04F79EFBC}") = "ConsultaCep.Android", "ConsultaCep\ConsultaCep.Android\ConsultaCep.Android.csproj", "{11FB173B-D409-4ABF-8A6F-4947DB926C74}"
EndProject
Project("{FAE04EC0-301F-11D3-BF4B-00C04F79EFBC}") = "ConsultaCep.iOS", "ConsultaCep\ConsultaCep.iOS\ConsultaCep.iOS.csproj", "{B4626E10-E86A-4CF1-9455-3819167A05DC}"
EndProject
Project("{FAE04EC0-301F-11D3-BF4B-00C04F79EFBC}") = "ConsultaCep", "ConsultaCep\ConsultaCep\ConsultaCep.csproj", "{074B2A37-4501-4480-8BF9-11EB875DA1B2}"
EndProject
Global
	GlobalSection(SolutionConfigurationPlatforms) = preSolution
		Debug|Any CPU = Debug|Any CPU
		Debug|ARM = Debug|ARM
		Debug|iPhone = Debug|iPhone
		Debug|iPhoneSimulator = Debug|iPhoneSimulator
		Debug|x64 = Debug|x64
		Debug|x86 = Debug|x86
		Release|Any CPU = Release|Any CPU
		Release|ARM = Release|ARM
		Release|iPhone = Release|iPhone
		Release|iPhoneSimulator = Release|iPhoneSimulator
		Release|x64 = Release|x64
		Release|x86 = Release|x86
	EndGlobalSection
	GlobalSection(ProjectConfigurationPlatforms) = postSolution
		{8E674CF8-2A5C-44C1-A14D-E161C22C55AE}.Debug|Any CPU.ActiveCfg = Debug|x86
		{8E674CF8-2A5C-44C1-A14D-E161C22C55AE}.Debug|Any CPU.Build.0 = Debug|x86
		{8E674CF8-2A5C-44C1-A14D-E161C22C55AE}.Debug|Any CPU.Deploy.0 = Debug|x86
		{8E674CF8-2A5C-44C1-A14D-E161C22C55AE}.Debug|ARM.ActiveCfg = Debug|ARM
		{8E674CF8-2A5C-44C1-A14D-E161C22C55AE}.Debug|ARM.Build.0 = Debug|ARM
		{8E674CF8-2A5C-44C1-A14D-E161C22C55AE}.Debug|ARM.Deploy.0 = Debug|ARM
		{8E674CF8-2A5C-44C1-A14D-E161C22C55AE}.Debug|iPhone.ActiveCfg = Debug|x86
		{8E674CF8-2A5C-44C1-A14D-E161C22C55AE}.Debug|iPhone.Build.0 = Debug|x86
		{8E674CF8-2A5C-44C1-A14D-E161C22C55AE}.Debug|iPhone.Deploy.0 = Debug|x86
		{8E674CF8-2A5C-44C1-A14D-E161C22C55AE}.Debug|iPhoneSimulator.ActiveCfg = Debug|x86
		{8E674CF8-2A5C-44C1-A14D-E161C22C55AE}.Debug|iPhoneSimulator.Build.0 = Debug|x86
		{8E674CF8-2A5C-44C1-A14D-E161C22C55AE}.Debug|iPhoneSimulator.Deploy.0 = Debug|x86
		{8E674CF8-2A5C-44C1-A14D-E161C22C55AE}.Debug|x64.ActiveCfg = Debug|x64
		{8E674CF8-2A5C-44C1-A14D-E161C22C55AE}.Debug|x64.Build.0 = Debug|x64
		{8E674CF8-2A5C-44C1-A14D-E161C22C55AE}.Debug|x64.Deploy.0 = Debug|x64
		{8E674CF8-2A5C-44C1-A14D-E161C22C55AE}.Debug|x86.ActiveCfg = Debug|x86
		{8E674CF8-2A5C-44C1-A14D-E161C22C55AE}.Debug|x86.Build.0 = Debug|x86
		{8E674CF8-2A5C-44C1-A14D-E161C22C55AE}.Debug|x86.Deploy.0 = Debug|x86
		{8E674CF8-2A5C-44C1-A14D-E161C22C55AE}.Release|Any CPU.ActiveCfg = Release|x86
		{8E674CF8-2A5C-44C1-A14D-E161C22C55AE}.Release|Any CPU.Build.0 = Release|x86
		{8E674CF8-2A5C-44C1-A14D-E161C22C55AE}.Release|Any CPU.Deploy.0 = Release|x86
		{8E674CF8-2A5C-44C1-A14D-E161C22C55AE}.Release|ARM.ActiveCfg = Release|ARM
		{8E674CF8-2A5C-44C1-A14D-E161C22C55AE}.Release|ARM.Build.0 = Release|ARM
		{8E674CF8-2A5C-44C1-A14D-E161C22C55AE}.Release|ARM.Deploy.0 = Release|ARM
		{8E674CF8-2A5C-44C1-A14D-E161C22C55AE}.Release|iPhone.ActiveCfg = Release|x86
		{8E674CF8-2A5C-44C1-A14D-E161C22C55AE}.Release|iPhone.Build.0 = Release|x86
		{8E674CF8-2A5C-44C1-A14D-E161C22C55AE}.Release|iPhone.Deploy.0 = Release|x86
		{8E674CF8-2A5C-44C1-A14D-E161C22C55AE}.Release|iPhoneSimulator.ActiveCfg = Release|x86
		{8E674CF8-2A5C-44C1-A14D-E161C22C55AE}.Release|iPhoneSimulator.Build.0 = Release|x86
		{8E674CF8-2A5C-44C1-A14D-E161C22C55AE}.Release|iPhoneSimulator.Deploy.0 = Release|x86
		{8E674CF8-2A5C-44C1-A14D-E161C22C55AE}.Release|x64.ActiveCfg = Release|x64
		{8E674CF8-2A5C-44C1-A14D-E161C22C55AE}.Release|x64.Build.0 = Release|x64
		{8E674CF8-2A5C-44C1-A14D-E161C22C55AE}.Release|x64.Deploy.0 = Release|x64
		{8E674CF8-2A5C-44C1-A14D-E161C22C55AE}.Release|x86.ActiveCfg = Release|x86
		{8E674CF8-2A5C-44C1-A14D-E161C22C55AE}.Release|x86.Build.0 = Release|x86
		{8E674CF8-2A5C-44C1-A14D-E161C22C55AE}.Release|x86.Deploy.0 = Release|x86
		{11FB173B-D409-4ABF-8A6F-4947DB926C74}.Debug|Any CPU.ActiveCfg = Debug|Any CPU
		{11FB173B-D409-4ABF-8A6F-4947DB926C74}.Debug|Any CPU.Build.0 = Debug|Any CPU
		{11FB173B-D409-4ABF-8A6F-4947DB926C74}.Debug|Any CPU.Deploy.0 = Debug|Any CPU
		{11FB173B-D409-4ABF-8A6F-4947DB926C74}.Debug|ARM.ActiveCfg = Debug|Any CPU
		{11FB173B-D409-4ABF-8A6F-4947DB926C74}.Debug|ARM.Build.0 = Debug|Any CPU
		{11FB173B-D409-4ABF-8A6F-4947DB926C74}.Debug|ARM.Deploy.0 = Debug|Any CPU
		{11FB173B-D409-4ABF-8A6F-4947DB926C74}.Debug|iPhone.ActiveCfg = Debug|Any CPU
		{11FB173B-D409-4ABF-8A6F-4947DB926C74}.Debug|iPhone.Build.0 = Debug|Any CPU
		{11FB173B-D409-4ABF-8A6F-4947DB926C74}.Debug|iPhone.Deploy.0 = Debug|Any CPU
		{11FB173B-D409-4ABF-8A6F-4947DB926C74}.Debug|iPhoneSimulator.ActiveCfg = Debug|Any CPU
		{11FB173B-D409-4ABF-8A6F-4947DB926C74}.Debug|iPhoneSimulator.Build.0 = Debug|Any CPU
		{11FB173B-D409-4ABF-8A6F-4947DB926C74}.Debug|iPhoneSimulator.Deploy.0 = Debug|Any CPU
		{11FB173B-D409-4ABF-8A6F-4947DB926C74}.Debug|x64.ActiveCfg = Debug|Any CPU
		{11FB173B-D409-4ABF-8A6F-4947DB926C74}.Debug|x64.Build.0 = Debug|Any CPU
		{11FB173B-D409-4ABF-8A6F-4947DB926C74}.Debug|x64.Deploy.0 = Debug|Any CPU
		{11FB173B-D409-4ABF-8A6F-4947DB926C74}.Debug|x86.ActiveCfg = Debug|Any CPU
		{11FB173B-D409-4ABF-8A6F-4947DB926C74}.Debug|x86.Build.0 = Debug|Any CPU
		{11FB173B-D409-4ABF-8A6F-4947DB926C74}.Debug|x86.Deploy.0 = Debug|Any CPU
		{11FB173B-D409-4ABF-8A6F-4947DB926C74}.Release|Any CPU.ActiveCfg = Release|Any CPU
		{11FB173B-D409-4ABF-8A6F-4947DB926C74}.Release|Any CPU.Build.0 = Release|Any CPU
		{11FB173B-D409-4ABF-8A6F-4947DB926C74}.Release|Any CPU.Deploy.0 = Release|Any CPU
		{11FB173B-D409-4ABF-8A6F-4947DB926C74}.Release|ARM.ActiveCfg = Release|Any CPU
		{11FB173B-D409-4ABF-8A6F-4947DB926C74}.Release|ARM.Build.0 = Release|Any CPU
		{11FB173B-D409-4ABF-8A6F-4947DB926C74}.Release|ARM.Deploy.0 = Release|Any CPU
		{11FB173B-D409-4ABF-8A6F-4947DB926C74}.Release|iPhone.ActiveCfg = Release|Any CPU
		{11FB173B-D409-4ABF-8A6F-4947DB926C74}.Release|iPhone.Build.0 = Release|Any CPU
		{11FB173B-D409-4ABF-8A6F-4947DB926C74}.Release|iPhone.Deploy.0 = Release|Any CPU
		{11FB173B-D409-4ABF-8A6F-4947DB926C74}.Release|iPhoneSimulator.ActiveCfg = Release|Any CPU
		{11FB173B-D409-4ABF-8A6F-4947DB926C74}.Release|iPhoneSimulator.Build.0 = Release|Any CPU
		{11FB173B-D409-4ABF-8A6F-4947DB926C74}.Release|iPhoneSimulator.Deploy.0 = Release|Any CPU
		{11FB173B-D409-4ABF-8A6F-4947DB926C74}.Release|x64.ActiveCfg = Release|Any CPU
		{11FB173B-D409-4ABF-8A6F-4947DB926C74}.Release|x64.Build.0 = Release|Any CPU
		{11FB173B-D409-4ABF-8A6F-4947DB926C74}.Release|x64.Deploy.0 = Release|Any CPU
		{11FB173B-D409-4ABF-8A6F-4947DB926C74}.Release|x86.ActiveCfg = Release|Any CPU
		{11FB173B-D409-4ABF-8A6F-4947DB926C74}.Release|x86.Build.0 = Release|Any CPU
		{11FB173B-D409-4ABF-8A6F-4947DB926C74}.Release|x86.Deploy.0 = Release|Any CPU
		{B4626E10-E86A-4CF1-9455-3819167A05DC}.Debug|Any CPU.ActiveCfg = Debug|iPhone
		{B4626E10-E86A-4CF1-9455-3819167A05DC}.Debug|Any CPU.Build.0 = Debug|iPhone
		{B4626E10-E86A-4CF1-9455-3819167A05DC}.Debug|Any CPU.Deploy.0 = Debug|iPhone
		{B4626E10-E86A-4CF1-9455-3819167A05DC}.Debug|ARM.ActiveCfg = Debug|iPhoneSimulator
		{B4626E10-E86A-4CF1-9455-3819167A05DC}.Debug|ARM.Build.0 = Debug|iPhoneSimulator
		{B4626E10-E86A-4CF1-9455-3819167A05DC}.Debug|ARM.Deploy.0 = Debug|iPhoneSimulator
		{B4626E10-E86A-4CF1-9455-3819167A05DC}.Debug|iPhone.ActiveCfg = Debug|iPhone
		{B4626E10-E86A-4CF1-9455-3819167A05DC}.Debug|iPhone.Build.0 = Debug|iPhone
		{B4626E10-E86A-4CF1-9455-3819167A05DC}.Debug|iPhone.Deploy.0 = Debug|iPhone
		{B4626E10-E86A-4CF1-9455-3819167A05DC}.Debug|iPhoneSimulator.ActiveCfg = Debug|iPhoneSimulator
		{B4626E10-E86A-4CF1-9455-3819167A05DC}.Debug|iPhoneSimulator.Build.0 = Debug|iPhoneSimulator
		{B4626E10-E86A-4CF1-9455-3819167A05DC}.Debug|iPhoneSimulator.Deploy.0 = Debug|iPhoneSimulator
		{B4626E10-E86A-4CF1-9455-3819167A05DC}.Debug|x64.ActiveCfg = Debug|iPhone
		{B4626E10-E86A-4CF1-9455-3819167A05DC}.Debug|x64.Build.0 = Debug|iPhone
		{B4626E10-E86A-4CF1-9455-3819167A05DC}.Debug|x64.Deploy.0 = Debug|iPhone
		{B4626E10-E86A-4CF1-9455-3819167A05DC}.Debug|x86.ActiveCfg = Debug|iPhone
		{B4626E10-E86A-4CF1-9455-3819167A05DC}.Debug|x86.Build.0 = Debug|iPhone
		{B4626E10-E86A-4CF1-9455-3819167A05DC}.Debug|x86.Deploy.0 = Debug|iPhone
		{B4626E10-E86A-4CF1-9455-3819167A05DC}.Release|Any CPU.ActiveCfg = Release|iPhone
		{B4626E10-E86A-4CF1-9455-3819167A05DC}.Release|Any CPU.Build.0 = Release|iPhone
		{B4626E10-E86A-4CF1-9455-3819167A05DC}.Release|Any CPU.Deploy.0 = Release|iPhone
		{B4626E10-E86A-4CF1-9455-3819167A05DC}.Release|ARM.ActiveCfg = Release|iPhone
		{B4626E10-E86A-4CF1-9455-3819167A05DC}.Release|ARM.Build.0 = Release|iPhone
		{B4626E10-E86A-4CF1-9455-3819167A05DC}.Release|ARM.Deploy.0 = Release|iPhone
		{B4626E10-E86A-4CF1-9455-3819167A05DC}.Release|iPhone.ActiveCfg = Release|iPhone
		{B4626E10-E86A-4CF1-9455-3819167A05DC}.Release|iPhone.Build.0 = Release|iPhone
		{B4626E10-E86A-4CF1-9455-3819167A05DC}.Release|iPhone.Deploy.0 = Release|iPhone
		{B4626E10-E86A-4CF1-9455-3819167A05DC}.Release|iPhoneSimulator.ActiveCfg = Release|iPhoneSimulator
		{B4626E10-E86A-4CF1-9455-3819167A05DC}.Release|iPhoneSimulator.Build.0 = Release|iPhoneSimulator
		{B4626E10-E86A-4CF1-9455-3819167A05DC}.Release|iPhoneSimulator.Deploy.0 = Release|iPhoneSimulator
		{B4626E10-E86A-4CF1-9455-3819167A05DC}.Release|x64.ActiveCfg = Release|iPhone
		{B4626E10-E86A-4CF1-9455-3819167A05DC}.Release|x64.Build.0 = Release|iPhone
		{B4626E10-E86A-4CF1-9455-3819167A05DC}.Release|x64.Deploy.0 = Release|iPhone
		{B4626E10-E86A-4CF1-9455-3819167A05DC}.Release|x86.ActiveCfg = Release|iPhone
		{B4626E10-E86A-4CF1-9455-3819167A05DC}.Release|x86.Build.0 = Release|iPhone
		{B4626E10-E86A-4CF1-9455-3819167A05DC}.Release|x86.Deploy.0 = Release|iPhone
		{074B2A37-4501-4480-8BF9-11EB875DA1B2}.Debug|Any CPU.ActiveCfg = Debug|Any CPU
		{074B2A37-4501-4480-8BF9-11EB875DA1B2}.Debug|Any CPU.Build.0 = Debug|Any CPU
		{074B2A37-4501-4480-8BF9-11EB875DA1B2}.Debug|Any CPU.Deploy.0 = Debug|Any CPU
		{074B2A37-4501-4480-8BF9-11EB875DA1B2}.Debug|ARM.ActiveCfg = Debug|Any CPU
		{074B2A37-4501-4480-8BF9-11EB875DA1B2}.Debug|ARM.Build.0 = Debug|Any CPU
		{074B2A37-4501-4480-8BF9-11EB875DA1B2}.Debug|ARM.Deploy.0 = Debug|Any CPU
		{074B2A37-4501-4480-8BF9-11EB875DA1B2}.Debug|iPhone.ActiveCfg = Debug|Any CPU
		{074B2A37-4501-4480-8BF9-11EB875DA1B2}.Debug|iPhone.Build.0 = Debug|Any CPU
		{074B2A37-4501-4480-8BF9-11EB875DA1B2}.Debug|iPhone.Deploy.0 = Debug|Any CPU
		{074B2A37-4501-4480-8BF9-11EB875DA1B2}.Debug|iPhoneSimulator.ActiveCfg = Debug|Any CPU
		{074B2A37-4501-4480-8BF9-11EB875DA1B2}.Debug|iPhoneSimulator.Build.0 = Debug|Any CPU
		{074B2A37-4501-4480-8BF9-11EB875DA1B2}.Debug|iPhoneSimulator.Deploy.0 = Debug|Any CPU
		{074B2A37-4501-4480-8BF9-11EB875DA1B2}.Debug|x64.ActiveCfg = Debug|Any CPU
		{074B2A37-4501-4480-8BF9-11EB875DA1B2}.Debug|x64.Build.0 = Debug|Any CPU
		{074B2A37-4501-4480-8BF9-11EB875DA1B2}.Debug|x64.Deploy.0 = Debug|Any CPU
		{074B2A37-4501-4480-8BF9-11EB875DA1B2}.Debug|x86.ActiveCfg = Debug|Any CPU
		{074B2A37-4501-4480-8BF9-11EB875DA1B2}.Debug|x86.Build.0 = Debug|Any CPU
		{074B2A37-4501-4480-8BF9-11EB875DA1B2}.Debug|x86.Deploy.0 = Debug|Any CPU
		{074B2A37-4501-4480-8BF9-11EB875DA1B2}.Release|Any CPU.ActiveCfg = Release|Any CPU
		{074B2A37-4501-4480-8BF9-11EB875DA1B2}.Release|Any CPU.Build.0 = Release|Any CPU
		{074B2A37-4501-4480-8BF9-11EB875DA1B2}.Release|Any CPU.Deploy.0 = Release|Any CPU
		{074B2A37-4501-4480-8BF9-11EB875DA1B2}.Release|ARM.ActiveCfg = Release|Any CPU
		{074B2A37-4501-4480-8BF9-11EB875DA1B2}.Release|ARM.Build.0 = Release|Any CPU
		{074B2A37-4501-4480-8BF9-11EB875DA1B2}.Release|ARM.Deploy.0 = Release|Any CPU
		{074B2A37-4501-4480-8BF9-11EB875DA1B2}.Release|iPhone.ActiveCfg = Release|Any CPU
		{074B2A37-4501-4480-8BF9-11EB875DA1B2}.Release|iPhone.Build.0 = Release|Any CPU
		{074B2A37-4501-4480-8BF9-11EB875DA1B2}.Release|iPhone.Deploy.0 = Release|Any CPU
		{074B2A37-4501-4480-8BF9-11EB875DA1B2}.Release|iPhoneSimulator.ActiveCfg = Release|Any CPU
		{074B2A37-4501-4480-8BF9-11EB875DA1B2}.Release|iPhoneSimulator.Build.0 = Release|Any CPU
		{074B2A37-4501-4480-8BF9-11EB875DA1B2}.Release|iPhoneSimulator.Deploy.0 = Release|Any CPU
		{074B2A37-4501-4480-8BF9-11EB875DA1B2}.Release|x64.ActiveCfg = Release|Any CPU
		{074B2A37-4501-4480-8BF9-11EB875DA1B2}.Release|x64.Build.0 = Release|Any CPU
		{074B2A37-4501-4480-8BF9-11EB875DA1B2}.Release|x64.Deploy.0 = Release|Any CPU
		{074B2A37-4501-4480-8BF9-11EB875DA1B2}.Release|x86.ActiveCfg = Release|Any CPU
		{074B2A37-4501-4480-8BF9-11EB875DA1B2}.Release|x86.Build.0 = Release|Any CPU
		{074B2A37-4501-4480-8BF9-11EB875DA1B2}.Release|x86.Deploy.0 = Release|Any CPU
	EndGlobalSection
	GlobalSection(SolutionProperties) = preSolution
		HideSolutionNode = FALSE
	EndGlobalSection
	GlobalSection(ExtensibilityGlobals) = postSolution
		SolutionGuid = {4C37C7C1-16CB-4E60-B123-ED1D5E78D529}
	EndGlobalSection
EndGlobal
