
Microsoft Visual Studio Solution File, Format Version 12.00
# Visual Studio Version 16
VisualStudioVersion = 16.0.29009.5
MinimumVisualStudioVersion = 10.0.40219.1
Project("{FAE04EC0-301F-11D3-BF4B-00C04F79EFBC}") = "TipoPagina.UWP", "TipoPagina\TipoPagina.UWP\TipoPagina.UWP.csproj", "{474FE13B-2CC3-402B-912B-E175497288C4}"
EndProject
Project("{FAE04EC0-301F-11D3-BF4B-00C04F79EFBC}") = "TipoPagina.Android", "TipoPagina\TipoPagina.Android\TipoPagina.Android.csproj", "{7243306E-5716-48BC-979B-02A04DF344FB}"
EndProject
Project("{FAE04EC0-301F-11D3-BF4B-00C04F79EFBC}") = "TipoPagina.iOS", "TipoPagina\TipoPagina.iOS\TipoPagina.iOS.csproj", "{004A889D-91CB-4A6F-ADA0-83895DA649AB}"
EndProject
Project("{FAE04EC0-301F-11D3-BF4B-00C04F79EFBC}") = "TipoPagina", "TipoPagina\TipoPagina\TipoPagina.csproj", "{C3AF0EC1-D863-48DB-A098-6B3B7947A670}"
EndProject
Global
	GlobalSection(SolutionConfigurationPlatforms) = preSolution
		Debug|Any CPU = Debug|Any CPU
		Debug|ARM = Debug|ARM
		Debug|iPhone = Debug|iPhone
		Debug|iPhoneSimulator = Debug|iPhoneSimulator
		Debug|x64 = Debug|x64
		Debug|x86 = Debug|x86
		Release|Any CPU = Release|Any CPU
		Release|ARM = Release|ARM
		Release|iPhone = Release|iPhone
		Release|iPhoneSimulator = Release|iPhoneSimulator
		Release|x64 = Release|x64
		Release|x86 = Release|x86
	EndGlobalSection
	GlobalSection(ProjectConfigurationPlatforms) = postSolution
		{474FE13B-2CC3-402B-912B-E175497288C4}.Debug|Any CPU.ActiveCfg = Debug|x86
		{474FE13B-2CC3-402B-912B-E175497288C4}.Debug|Any CPU.Build.0 = Debug|x86
		{474FE13B-2CC3-402B-912B-E175497288C4}.Debug|Any CPU.Deploy.0 = Debug|x86
		{474FE13B-2CC3-402B-912B-E175497288C4}.Debug|ARM.ActiveCfg = Debug|ARM
		{474FE13B-2CC3-402B-912B-E175497288C4}.Debug|ARM.Build.0 = Debug|ARM
		{474FE13B-2CC3-402B-912B-E175497288C4}.Debug|ARM.Deploy.0 = Debug|ARM
		{474FE13B-2CC3-402B-912B-E175497288C4}.Debug|iPhone.ActiveCfg = Debug|x86
		{474FE13B-2CC3-402B-912B-E175497288C4}.Debug|iPhone.Build.0 = Debug|x86
		{474FE13B-2CC3-402B-912B-E175497288C4}.Debug|iPhone.Deploy.0 = Debug|x86
		{474FE13B-2CC3-402B-912B-E175497288C4}.Debug|iPhoneSimulator.ActiveCfg = Debug|x86
		{474FE13B-2CC3-402B-912B-E175497288C4}.Debug|iPhoneSimulator.Build.0 = Debug|x86
		{474FE13B-2CC3-402B-912B-E175497288C4}.Debug|iPhoneSimulator.Deploy.0 = Debug|x86
		{474FE13B-2CC3-402B-912B-E175497288C4}.Debug|x64.ActiveCfg = Debug|x64
		{474FE13B-2CC3-402B-912B-E175497288C4}.Debug|x64.Build.0 = Debug|x64
		{474FE13B-2CC3-402B-912B-E175497288C4}.Debug|x64.Deploy.0 = Debug|x64
		{474FE13B-2CC3-402B-912B-E175497288C4}.Debug|x86.ActiveCfg = Debug|x86
		{474FE13B-2CC3-402B-912B-E175497288C4}.Debug|x86.Build.0 = Debug|x86
		{474FE13B-2CC3-402B-912B-E175497288C4}.Debug|x86.Deploy.0 = Debug|x86
		{474FE13B-2CC3-402B-912B-E175497288C4}.Release|Any CPU.ActiveCfg = Release|x86
		{474FE13B-2CC3-402B-912B-E175497288C4}.Release|Any CPU.Build.0 = Release|x86
		{474FE13B-2CC3-402B-912B-E175497288C4}.Release|Any CPU.Deploy.0 = Release|x86
		{474FE13B-2CC3-402B-912B-E175497288C4}.Release|ARM.ActiveCfg = Release|ARM
		{474FE13B-2CC3-402B-912B-E175497288C4}.Release|ARM.Build.0 = Release|ARM
		{474FE13B-2CC3-402B-912B-E175497288C4}.Release|ARM.Deploy.0 = Release|ARM
		{474FE13B-2CC3-402B-912B-E175497288C4}.Release|iPhone.ActiveCfg = Release|x86
		{474FE13B-2CC3-402B-912B-E175497288C4}.Release|iPhone.Build.0 = Release|x86
		{474FE13B-2CC3-402B-912B-E175497288C4}.Release|iPhone.Deploy.0 = Release|x86
		{474FE13B-2CC3-402B-912B-E175497288C4}.Release|iPhoneSimulator.ActiveCfg = Release|x86
		{474FE13B-2CC3-402B-912B-E175497288C4}.Release|iPhoneSimulator.Build.0 = Release|x86
		{474FE13B-2CC3-402B-912B-E175497288C4}.Release|iPhoneSimulator.Deploy.0 = Release|x86
		{474FE13B-2CC3-402B-912B-E175497288C4}.Release|x64.ActiveCfg = Release|x64
		{474FE13B-2CC3-402B-912B-E175497288C4}.Release|x64.Build.0 = Release|x64
		{474FE13B-2CC3-402B-912B-E175497288C4}.Release|x64.Deploy.0 = Release|x64
		{474FE13B-2CC3-402B-912B-E175497288C4}.Release|x86.ActiveCfg = Release|x86
		{474FE13B-2CC3-402B-912B-E175497288C4}.Release|x86.Build.0 = Release|x86
		{474FE13B-2CC3-402B-912B-E175497288C4}.Release|x86.Deploy.0 = Release|x86
		{7243306E-5716-48BC-979B-02A04DF344FB}.Debug|Any CPU.ActiveCfg = Debug|Any CPU
		{7243306E-5716-48BC-979B-02A04DF344FB}.Debug|Any CPU.Build.0 = Debug|Any CPU
		{7243306E-5716-48BC-979B-02A04DF344FB}.Debug|Any CPU.Deploy.0 = Debug|Any CPU
		{7243306E-5716-48BC-979B-02A04DF344FB}.Debug|ARM.ActiveCfg = Debug|Any CPU
		{7243306E-5716-48BC-979B-02A04DF344FB}.Debug|ARM.Build.0 = Debug|Any CPU
		{7243306E-5716-48BC-979B-02A04DF344FB}.Debug|ARM.Deploy.0 = Debug|Any CPU
		{7243306E-5716-48BC-979B-02A04DF344FB}.Debug|iPhone.ActiveCfg = Debug|Any CPU
		{7243306E-5716-48BC-979B-02A04DF344FB}.Debug|iPhone.Build.0 = Debug|Any CPU
		{7243306E-5716-48BC-979B-02A04DF344FB}.Debug|iPhone.Deploy.0 = Debug|Any CPU
		{7243306E-5716-48BC-979B-02A04DF344FB}.Debug|iPhoneSimulator.ActiveCfg = Debug|Any CPU
		{7243306E-5716-48BC-979B-02A04DF344FB}.Debug|iPhoneSimulator.Build.0 = Debug|Any CPU
		{7243306E-5716-48BC-979B-02A04DF344FB}.Debug|iPhoneSimulator.Deploy.0 = Debug|Any CPU
		{7243306E-5716-48BC-979B-02A04DF344FB}.Debug|x64.ActiveCfg = Debug|Any CPU
		{7243306E-5716-48BC-979B-02A04DF344FB}.Debug|x64.Build.0 = Debug|Any CPU
		{7243306E-5716-48BC-979B-02A04DF344FB}.Debug|x64.Deploy.0 = Debug|Any CPU
		{7243306E-5716-48BC-979B-02A04DF344FB}.Debug|x86.ActiveCfg = Debug|Any CPU
		{7243306E-5716-48BC-979B-02A04DF344FB}.Debug|x86.Build.0 = Debug|Any CPU
		{7243306E-5716-48BC-979B-02A04DF344FB}.Debug|x86.Deploy.0 = Debug|Any CPU
		{7243306E-5716-48BC-979B-02A04DF344FB}.Release|Any CPU.ActiveCfg = Release|Any CPU
		{7243306E-5716-48BC-979B-02A04DF344FB}.Release|Any CPU.Build.0 = Release|Any CPU
		{7243306E-5716-48BC-979B-02A04DF344FB}.Release|Any CPU.Deploy.0 = Release|Any CPU
		{7243306E-5716-48BC-979B-02A04DF344FB}.Release|ARM.ActiveCfg = Release|Any CPU
		{7243306E-5716-48BC-979B-02A04DF344FB}.Release|ARM.Build.0 = Release|Any CPU
		{7243306E-5716-48BC-979B-02A04DF344FB}.Release|ARM.Deploy.0 = Release|Any CPU
		{7243306E-5716-48BC-979B-02A04DF344FB}.Release|iPhone.ActiveCfg = Release|Any CPU
		{7243306E-5716-48BC-979B-02A04DF344FB}.Release|iPhone.Build.0 = Release|Any CPU
		{7243306E-5716-48BC-979B-02A04DF344FB}.Release|iPhone.Deploy.0 = Release|Any CPU
		{7243306E-5716-48BC-979B-02A04DF344FB}.Release|iPhoneSimulator.ActiveCfg = Release|Any CPU
		{7243306E-5716-48BC-979B-02A04DF344FB}.Release|iPhoneSimulator.Build.0 = Release|Any CPU
		{7243306E-5716-48BC-979B-02A04DF344FB}.Release|iPhoneSimulator.Deploy.0 = Release|Any CPU
		{7243306E-5716-48BC-979B-02A04DF344FB}.Release|x64.ActiveCfg = Release|Any CPU
		{7243306E-5716-48BC-979B-02A04DF344FB}.Release|x64.Build.0 = Release|Any CPU
		{7243306E-5716-48BC-979B-02A04DF344FB}.Release|x64.Deploy.0 = Release|Any CPU
		{7243306E-5716-48BC-979B-02A04DF344FB}.Release|x86.ActiveCfg = Release|Any CPU
		{7243306E-5716-48BC-979B-02A04DF344FB}.Release|x86.Build.0 = Release|Any CPU
		{7243306E-5716-48BC-979B-02A04DF344FB}.Release|x86.Deploy.0 = Release|Any CPU
		{004A889D-91CB-4A6F-ADA0-83895DA649AB}.Debug|Any CPU.ActiveCfg = Debug|iPhone
		{004A889D-91CB-4A6F-ADA0-83895DA649AB}.Debug|Any CPU.Build.0 = Debug|iPhone
		{004A889D-91CB-4A6F-ADA0-83895DA649AB}.Debug|Any CPU.Deploy.0 = Debug|iPhone
		{004A889D-91CB-4A6F-ADA0-83895DA649AB}.Debug|ARM.ActiveCfg = Debug|iPhoneSimulator
		{004A889D-91CB-4A6F-ADA0-83895DA649AB}.Debug|ARM.Build.0 = Debug|iPhoneSimulator
		{004A889D-91CB-4A6F-ADA0-83895DA649AB}.Debug|ARM.Deploy.0 = Debug|iPhoneSimulator
		{004A889D-91CB-4A6F-ADA0-83895DA649AB}.Debug|iPhone.ActiveCfg = Debug|iPhone
		{004A889D-91CB-4A6F-ADA0-83895DA649AB}.Debug|iPhone.Build.0 = Debug|iPhone
		{004A889D-91CB-4A6F-ADA0-83895DA649AB}.Debug|iPhone.Deploy.0 = Debug|iPhone
		{004A889D-91CB-4A6F-ADA0-83895DA649AB}.Debug|iPhoneSimulator.ActiveCfg = Debug|iPhoneSimulator
		{004A889D-91CB-4A6F-ADA0-83895DA649AB}.Debug|iPhoneSimulator.Build.0 = Debug|iPhoneSimulator
		{004A889D-91CB-4A6F-ADA0-83895DA649AB}.Debug|iPhoneSimulator.Deploy.0 = Debug|iPhoneSimulator
		{004A889D-91CB-4A6F-ADA0-83895DA649AB}.Debug|x64.ActiveCfg = Debug|iPhone
		{004A889D-91CB-4A6F-ADA0-83895DA649AB}.Debug|x64.Build.0 = Debug|iPhone
		{004A889D-91CB-4A6F-ADA0-83895DA649AB}.Debug|x64.Deploy.0 = Debug|iPhone
		{004A889D-91CB-4A6F-ADA0-83895DA649AB}.Debug|x86.ActiveCfg = Debug|iPhone
		{004A889D-91CB-4A6F-ADA0-83895DA649AB}.Debug|x86.Build.0 = Debug|iPhone
		{004A889D-91CB-4A6F-ADA0-83895DA649AB}.Debug|x86.Deploy.0 = Debug|iPhone
		{004A889D-91CB-4A6F-ADA0-83895DA649AB}.Release|Any CPU.ActiveCfg = Release|iPhone
		{004A889D-91CB-4A6F-ADA0-83895DA649AB}.Release|Any CPU.Build.0 = Release|iPhone
		{004A889D-91CB-4A6F-ADA0-83895DA649AB}.Release|Any CPU.Deploy.0 = Release|iPhone
		{004A889D-91CB-4A6F-ADA0-83895DA649AB}.Release|ARM.ActiveCfg = Release|iPhone
		{004A889D-91CB-4A6F-ADA0-83895DA649AB}.Release|ARM.Build.0 = Release|iPhone
		{004A889D-91CB-4A6F-ADA0-83895DA649AB}.Release|ARM.Deploy.0 = Release|iPhone
		{004A889D-91CB-4A6F-ADA0-83895DA649AB}.Release|iPhone.ActiveCfg = Release|iPhone
		{004A889D-91CB-4A6F-ADA0-83895DA649AB}.Release|iPhone.Build.0 = Release|iPhone
		{004A889D-91CB-4A6F-ADA0-83895DA649AB}.Release|iPhone.Deploy.0 = Release|iPhone
		{004A889D-91CB-4A6F-ADA0-83895DA649AB}.Release|iPhoneSimulator.ActiveCfg = Release|iPhoneSimulator
		{004A889D-91CB-4A6F-ADA0-83895DA649AB}.Release|iPhoneSimulator.Build.0 = Release|iPhoneSimulator
		{004A889D-91CB-4A6F-ADA0-83895DA649AB}.Release|iPhoneSimulator.Deploy.0 = Release|iPhoneSimulator
		{004A889D-91CB-4A6F-ADA0-83895DA649AB}.Release|x64.ActiveCfg = Release|iPhone
		{004A889D-91CB-4A6F-ADA0-83895DA649AB}.Release|x64.Build.0 = Release|iPhone
		{004A889D-91CB-4A6F-ADA0-83895DA649AB}.Release|x64.Deploy.0 = Release|iPhone
		{004A889D-91CB-4A6F-ADA0-83895DA649AB}.Release|x86.ActiveCfg = Release|iPhone
		{004A889D-91CB-4A6F-ADA0-83895DA649AB}.Release|x86.Build.0 = Release|iPhone
		{004A889D-91CB-4A6F-ADA0-83895DA649AB}.Release|x86.Deploy.0 = Release|iPhone
		{C3AF0EC1-D863-48DB-A098-6B3B7947A670}.Debug|Any CPU.ActiveCfg = Debug|Any CPU
		{C3AF0EC1-D863-48DB-A098-6B3B7947A670}.Debug|Any CPU.Build.0 = Debug|Any CPU
		{C3AF0EC1-D863-48DB-A098-6B3B7947A670}.Debug|Any CPU.Deploy.0 = Debug|Any CPU
		{C3AF0EC1-D863-48DB-A098-6B3B7947A670}.Debug|ARM.ActiveCfg = Debug|Any CPU
		{C3AF0EC1-D863-48DB-A098-6B3B7947A670}.Debug|ARM.Build.0 = Debug|Any CPU
		{C3AF0EC1-D863-48DB-A098-6B3B7947A670}.Debug|ARM.Deploy.0 = Debug|Any CPU
		{C3AF0EC1-D863-48DB-A098-6B3B7947A670}.Debug|iPhone.ActiveCfg = Debug|Any CPU
		{C3AF0EC1-D863-48DB-A098-6B3B7947A670}.Debug|iPhone.Build.0 = Debug|Any CPU
		{C3AF0EC1-D863-48DB-A098-6B3B7947A670}.Debug|iPhone.Deploy.0 = Debug|Any CPU
		{C3AF0EC1-D863-48DB-A098-6B3B7947A670}.Debug|iPhoneSimulator.ActiveCfg = Debug|Any CPU
		{C3AF0EC1-D863-48DB-A098-6B3B7947A670}.Debug|iPhoneSimulator.Build.0 = Debug|Any CPU
		{C3AF0EC1-D863-48DB-A098-6B3B7947A670}.Debug|iPhoneSimulator.Deploy.0 = Debug|Any CPU
		{C3AF0EC1-D863-48DB-A098-6B3B7947A670}.Debug|x64.ActiveCfg = Debug|Any CPU
		{C3AF0EC1-D863-48DB-A098-6B3B7947A670}.Debug|x64.Build.0 = Debug|Any CPU
		{C3AF0EC1-D863-48DB-A098-6B3B7947A670}.Debug|x64.Deploy.0 = Debug|Any CPU
		{C3AF0EC1-D863-48DB-A098-6B3B7947A670}.Debug|x86.ActiveCfg = Debug|Any CPU
		{C3AF0EC1-D863-48DB-A098-6B3B7947A670}.Debug|x86.Build.0 = Debug|Any CPU
		{C3AF0EC1-D863-48DB-A098-6B3B7947A670}.Debug|x86.Deploy.0 = Debug|Any CPU
		{C3AF0EC1-D863-48DB-A098-6B3B7947A670}.Release|Any CPU.ActiveCfg = Release|Any CPU
		{C3AF0EC1-D863-48DB-A098-6B3B7947A670}.Release|Any CPU.Build.0 = Release|Any CPU
		{C3AF0EC1-D863-48DB-A098-6B3B7947A670}.Release|Any CPU.Deploy.0 = Release|Any CPU
		{C3AF0EC1-D863-48DB-A098-6B3B7947A670}.Release|ARM.ActiveCfg = Release|Any CPU
		{C3AF0EC1-D863-48DB-A098-6B3B7947A670}.Release|ARM.Build.0 = Release|Any CPU
		{C3AF0EC1-D863-48DB-A098-6B3B7947A670}.Release|ARM.Deploy.0 = Release|Any CPU
		{C3AF0EC1-D863-48DB-A098-6B3B7947A670}.Release|iPhone.ActiveCfg = Release|Any CPU
		{C3AF0EC1-D863-48DB-A098-6B3B7947A670}.Release|iPhone.Build.0 = Release|Any CPU
		{C3AF0EC1-D863-48DB-A098-6B3B7947A670}.Release|iPhone.Deploy.0 = Release|Any CPU
		{C3AF0EC1-D863-48DB-A098-6B3B7947A670}.Release|iPhoneSimulator.ActiveCfg = Release|Any CPU
		{C3AF0EC1-D863-48DB-A098-6B3B7947A670}.Release|iPhoneSimulator.Build.0 = Release|Any CPU
		{C3AF0EC1-D863-48DB-A098-6B3B7947A670}.Release|iPhoneSimulator.Deploy.0 = Release|Any CPU
		{C3AF0EC1-D863-48DB-A098-6B3B7947A670}.Release|x64.ActiveCfg = Release|Any CPU
		{C3AF0EC1-D863-48DB-A098-6B3B7947A670}.Release|x64.Build.0 = Release|Any CPU
		{C3AF0EC1-D863-48DB-A098-6B3B7947A670}.Release|x64.Deploy.0 = Release|Any CPU
		{C3AF0EC1-D863-48DB-A098-6B3B7947A670}.Release|x86.ActiveCfg = Release|Any CPU
		{C3AF0EC1-D863-48DB-A098-6B3B7947A670}.Release|x86.Build.0 = Release|Any CPU
		{C3AF0EC1-D863-48DB-A098-6B3B7947A670}.Release|x86.Deploy.0 = Release|Any CPU
	EndGlobalSection
	GlobalSection(SolutionProperties) = preSolution
		HideSolutionNode = FALSE
	EndGlobalSection
	GlobalSection(ExtensibilityGlobals) = postSolution
		SolutionGuid = {248AE9F5-E958-4C3E-B89E-A030311101C7}
	EndGlobalSection
EndGlobal
